
Microsoft Visual Studio Solution File, Format Version 12.00
# Visual Studio Version 17
VisualStudioVersion = 17.4.33213.308
MinimumVisualStudioVersion = 10.0.40219.1
Project("{FAE04EC0-301F-11D3-BF4B-00C04F79EFBC}") = "DBproj", "DBproj\DBproj.csproj", "{B3C96B59-4F0F-4E42-AD68-E1C5CB166F4B}"
EndProject
Global
	GlobalSection(SolutionConfigurationPlatforms) = preSolution
		Debug|Any CPU = Debug|Any CPU
		Release|Any CPU = Release|Any CPU
	EndGlobalSection
	GlobalSection(ProjectConfigurationPlatforms) = postSolution
		{B3C96B59-4F0F-4E42-AD68-E1C5CB166F4B}.Debug|Any CPU.ActiveCfg = Debug|Any CPU
		{B3C96B59-4F0F-4E42-AD68-E1C5CB166F4B}.Debug|Any CPU.Build.0 = Debug|Any CPU
		{B3C96B59-4F0F-4E42-AD68-E1C5CB166F4B}.Release|Any CPU.ActiveCfg = Release|Any CPU
		{B3C96B59-4F0F-4E42-AD68-E1C5CB166F4B}.Release|Any CPU.Build.0 = Release|Any CPU
	EndGlobalSection
	GlobalSection(SolutionProperties) = preSolution
		HideSolutionNode = FALSE
	EndGlobalSection
	GlobalSection(ExtensibilityGlobals) = postSolution
		SolutionGuid = {586F279D-A4C1-4782-8678-DA145C18889D}
	EndGlobalSection
EndGlobal
